// !$*UTF8*$!
{
	archiveVersion = 1;
	classes = {
	};
	objectVersion = 50;
	objects = {

/* Begin PBXBuildFile section */
		91188D04669A54B2E6A99F7B /* Pods_KeyChainProject.framework in Frameworks */ = {isa = PBXBuildFile; fileRef = 0CE4A0409D3D3CBD45EC9FBC /* Pods_KeyChainProject.framework */; };
		A4426A0C225ED1B7008E6A28 /* KeychainHelper.swift in Sources */ = {isa = PBXBuildFile; fileRef = A4426A0B225ED1B7008E6A28 /* KeychainHelper.swift */; };
		A4C47716225EAF54000FFC6A /* AppDelegate.swift in Sources */ = {isa = PBXBuildFile; fileRef = A4C47715225EAF54000FFC6A /* AppDelegate.swift */; };
		A4C47718225EAF54000FFC6A /* ViewController.swift in Sources */ = {isa = PBXBuildFile; fileRef = A4C47717225EAF54000FFC6A /* ViewController.swift */; };
		A4C4771B225EAF54000FFC6A /* Main.storyboard in Resources */ = {isa = PBXBuildFile; fileRef = A4C47719225EAF54000FFC6A /* Main.storyboard */; };
		A4C4771D225EAF54000FFC6A /* Assets.xcassets in Resources */ = {isa = PBXBuildFile; fileRef = A4C4771C225EAF54000FFC6A /* Assets.xcassets */; };
		A4C47720225EAF54000FFC6A /* LaunchScreen.storyboard in Resources */ = {isa = PBXBuildFile; fileRef = A4C4771E225EAF54000FFC6A /* LaunchScreen.storyboard */; };
/* End PBXBuildFile section */

/* Begin PBXFileReference section */
		0CE4A0409D3D3CBD45EC9FBC /* Pods_KeyChainProject.framework */ = {isa = PBXFileReference; explicitFileType = wrapper.framework; includeInIndex = 0; path = Pods_KeyChainProject.framework; sourceTree = BUILT_PRODUCTS_DIR; };
		4E7A6576BA33046E2E8A440B /* Pods-KeyChainProject.debug.xcconfig */ = {isa = PBXFileReference; includeInIndex = 1; lastKnownFileType = text.xcconfig; name = "Pods-KeyChainProject.debug.xcconfig"; path = "Pods/Target Support Files/Pods-KeyChainProject/Pods-KeyChainProject.debug.xcconfig"; sourceTree = "<group>"; };
		A4426A0B225ED1B7008E6A28 /* KeychainHelper.swift */ = {isa = PBXFileReference; lastKnownFileType = sourcecode.swift; path = KeychainHelper.swift; sourceTree = "<group>"; };
		A4C47712225EAF54000FFC6A /* KeyChainProject.app */ = {isa = PBXFileReference; explicitFileType = wrapper.application; includeInIndex = 0; path = KeyChainProject.app; sourceTree = BUILT_PRODUCTS_DIR; };
		A4C47715225EAF54000FFC6A /* AppDelegate.swift */ = {isa = PBXFileReference; lastKnownFileType = sourcecode.swift; path = AppDelegate.swift; sourceTree = "<group>"; };
		A4C47717225EAF54000FFC6A /* ViewController.swift */ = {isa = PBXFileReference; lastKnownFileType = sourcecode.swift; path = ViewController.swift; sourceTree = "<group>"; };
		A4C4771A225EAF54000FFC6A /* Base */ = {isa = PBXFileReference; lastKnownFileType = file.storyboard; name = Base; path = Base.lproj/Main.storyboard; sourceTree = "<group>"; };
		A4C4771C225EAF54000FFC6A /* Assets.xcassets */ = {isa = PBXFileReference; lastKnownFileType = folder.assetcatalog; path = Assets.xcassets; sourceTree = "<group>"; };
		A4C4771F225EAF54000FFC6A /* Base */ = {isa = PBXFileReference; lastKnownFileType = file.storyboard; name = Base; path = Base.lproj/LaunchScreen.storyboard; sourceTree = "<group>"; };
		A4C47721225EAF54000FFC6A /* Info.plist */ = {isa = PBXFileReference; lastKnownFileType = text.plist.xml; path = Info.plist; sourceTree = "<group>"; };
		D08A4ED2381B6C3D58126A6F /* Pods-KeyChainProject.release.xcconfig */ = {isa = PBXFileReference; includeInIndex = 1; lastKnownFileType = text.xcconfig; name = "Pods-KeyChainProject.release.xcconfig"; path = "Pods/Target Support Files/Pods-KeyChainProject/Pods-KeyChainProject.release.xcconfig"; sourceTree = "<group>"; };
/* End PBXFileReference section */

/* Begin PBXFrameworksBuildPhase section */
		A4C4770F225EAF54000FFC6A /* Frameworks */ = {
			isa = PBXFrameworksBuildPhase;
			buildActionMask = 2147483647;
			files = (
				91188D04669A54B2E6A99F7B /* Pods_KeyChainProject.framework in Frameworks */,
			);
			runOnlyForDeploymentPostprocessing = 0;
		};
/* End PBXFrameworksBuildPhase section */

/* Begin PBXGroup section */
		40F5E633BA494F7F0A9BAC21 /* Pods */ = {
			isa = PBXGroup;
			children = (
				4E7A6576BA33046E2E8A440B /* Pods-KeyChainProject.debug.xcconfig */,
				D08A4ED2381B6C3D58126A6F /* Pods-KeyChainProject.release.xcconfig */,
			);
			name = Pods;
			sourceTree = "<group>";
		};
		A4A83135225EEF66006F6101 /* Helper */ = {
			isa = PBXGroup;
			children = (
				A4426A0B225ED1B7008E6A28 /* KeychainHelper.swift */,
			);
			path = Helper;
			sourceTree = "<group>";
		};
		A4C47709225EAF54000FFC6A = {
			isa = PBXGroup;
			children = (
				A4A83135225EEF66006F6101 /* Helper */,
				A4C47714225EAF54000FFC6A /* KeyChainProject */,
				A4C47713225EAF54000FFC6A /* Products */,
				40F5E633BA494F7F0A9BAC21 /* Pods */,
				D95F8B721D4F66DAEE5DA18B /* Frameworks */,
			);
			sourceTree = "<group>";
		};
		A4C47713225EAF54000FFC6A /* Products */ = {
			isa = PBXGroup;
			children = (
				A4C47712225EAF54000FFC6A /* KeyChainProject.app */,
			);
			name = Products;
			sourceTree = "<group>";
		};
		A4C47714225EAF54000FFC6A /* KeyChainProject */ = {
			isa = PBXGroup;
			children = (
				A4C47715225EAF54000FFC6A /* AppDelegate.swift */,
				A4C47717225EAF54000FFC6A /* ViewController.swift */,
				A4C47719225EAF54000FFC6A /* Main.storyboard */,
				A4C4771C225EAF54000FFC6A /* Assets.xcassets */,
				A4C4771E225EAF54000FFC6A /* LaunchScreen.storyboard */,
				A4C47721225EAF54000FFC6A /* Info.plist */,
			);
			path = KeyChainProject;
			sourceTree = "<group>";
		};
		D95F8B721D4F66DAEE5DA18B /* Frameworks */ = {
			isa = PBXGroup;
			children = (
				0CE4A0409D3D3CBD45EC9FBC /* Pods_KeyChainProject.framework */,
			);
			name = Frameworks;
			sourceTree = "<group>";
		};
/* End PBXGroup section */

/* Begin PBXNativeTarget section */
		A4C47711225EAF54000FFC6A /* KeyChainProject */ = {
			isa = PBXNativeTarget;
			buildConfigurationList = A4C47724225EAF54000FFC6A /* Build configuration list for PBXNativeTarget "KeyChainProject" */;
			buildPhases = (
				79577E2D87D7A87A9E7DA238 /* [CP] Check Pods Manifest.lock */,
				A4C4770E225EAF54000FFC6A /* Sources */,
				A4C4770F225EAF54000FFC6A /* Frameworks */,
				A4C47710225EAF54000FFC6A /* Resources */,
				A201A4187FF740CA69DEB6B9 /* [CP] Embed Pods Frameworks */,
			);
			buildRules = (
			);
			dependencies = (
			);
			name = KeyChainProject;
			productName = KeyChainProject;
			productReference = A4C47712225EAF54000FFC6A /* KeyChainProject.app */;
			productType = "com.apple.product-type.application";
		};
/* End PBXNativeTarget section */

/* Begin PBXProject section */
		A4C4770A225EAF54000FFC6A /* Project object */ = {
			isa = PBXProject;
			attributes = {
				LastSwiftUpdateCheck = 1010;
				LastUpgradeCheck = 1010;
				ORGANIZATIONNAME = "Rinni Swift";
				TargetAttributes = {
					A4C47711225EAF54000FFC6A = {
						CreatedOnToolsVersion = 10.1;
					};
				};
			};
			buildConfigurationList = A4C4770D225EAF54000FFC6A /* Build configuration list for PBXProject "KeyChainProject" */;
			compatibilityVersion = "Xcode 9.3";
			developmentRegion = en;
			hasScannedForEncodings = 0;
			knownRegions = (
				en,
				Base,
			);
			mainGroup = A4C47709225EAF54000FFC6A;
			productRefGroup = A4C47713225EAF54000FFC6A /* Products */;
			projectDirPath = "";
			projectRoot = "";
			targets = (
				A4C47711225EAF54000FFC6A /* KeyChainProject */,
			);
		};
/* End PBXProject section */

/* Begin PBXResourcesBuildPhase section */
		A4C47710225EAF54000FFC6A /* Resources */ = {
			isa = PBXResourcesBuildPhase;
			buildActionMask = 2147483647;
			files = (
				A4C47720225EAF54000FFC6A /* LaunchScreen.storyboard in Resources */,
				A4C4771D225EAF54000FFC6A /* Assets.xcassets in Resources */,
				A4C4771B225EAF54000FFC6A /* Main.storyboard in Resources */,
			);
			runOnlyForDeploymentPostprocessing = 0;
		};
/* End PBXResourcesBuildPhase section */

/* Begin PBXShellScriptBuildPhase section */
		79577E2D87D7A87A9E7DA238 /* [CP] Check Pods Manifest.lock */ = {
			isa = PBXShellScriptBuildPhase;
			buildActionMask = 2147483647;
			files = (
			);
			inputPaths = (
				"${PODS_PODFILE_DIR_PATH}/Podfile.lock",
				"${PODS_ROOT}/Manifest.lock",
			);
			name = "[CP] Check Pods Manifest.lock";
			outputPaths = (
				"$(DERIVED_FILE_DIR)/Pods-KeyChainProject-checkManifestLockResult.txt",
			);
			runOnlyForDeploymentPostprocessing = 0;
			shellPath = /bin/sh;
			shellScript = "diff \"${PODS_PODFILE_DIR_PATH}/Podfile.lock\" \"${PODS_ROOT}/Manifest.lock\" > /dev/null\nif [ $? != 0 ] ; then\n    # print error to STDERR\n    echo \"error: The sandbox is not in sync with the Podfile.lock. Run 'pod install' or update your CocoaPods installation.\" >&2\n    exit 1\nfi\n# This output is used by Xcode 'outputs' to avoid re-running this script phase.\necho \"SUCCESS\" > \"${SCRIPT_OUTPUT_FILE_0}\"\n";
			showEnvVarsInLog = 0;
		};
		A201A4187FF740CA69DEB6B9 /* [CP] Embed Pods Frameworks */ = {
			isa = PBXShellScriptBuildPhase;
			buildActionMask = 2147483647;
			files = (
			);
			inputPaths = (
				"${SRCROOT}/Pods/Target Support Files/Pods-KeyChainProject/Pods-KeyChainProject-frameworks.sh",
				"${BUILT_PRODUCTS_DIR}/KeychainSwift/KeychainSwift.framework",
			);
			name = "[CP] Embed Pods Frameworks";
			outputPaths = (
				"${TARGET_BUILD_DIR}/${FRAMEWORKS_FOLDER_PATH}/KeychainSwift.framework",
			);
			runOnlyForDeploymentPostprocessing = 0;
			shellPath = /bin/sh;
			shellScript = "\"${SRCROOT}/Pods/Target Support Files/Pods-KeyChainProject/Pods-KeyChainProject-frameworks.sh\"\n";
			showEnvVarsInLog = 0;
		};
/* End PBXShellScriptBuildPhase section */

/* Begin PBXSourcesBuildPhase section */
		A4C4770E225EAF54000FFC6A /* Sources */ = {
			isa = PBXSourcesBuildPhase;
			buildActionMask = 2147483647;
			files = (
				A4C47718225EAF54000FFC6A /* ViewController.swift in Sources */,
				A4426A0C225ED1B7008E6A28 /* KeychainHelper.swift in Sources */,
				A4C47716225EAF54000FFC6A /* AppDelegate.swift in Sources */,
			);
			runOnlyForDeploymentPostprocessing = 0;
		};
/* End PBXSourcesBuildPhase section */

/* Begin PBXVariantGroup section */
		A4C47719225EAF54000FFC6A /* Main.storyboard */ = {
			isa = PBXVariantGroup;
			children = (
				A4C4771A225EAF54000FFC6A /* Base */,
			);
			name = Main.storyboard;
			sourceTree = "<group>";
		};
		A4C4771E225EAF54000FFC6A /* LaunchScreen.storyboard */ = {
			isa = PBXVariantGroup;
			children = (
				A4C4771F225EAF54000FFC6A /* Base */,
			);
			name = LaunchScreen.storyboard;
			sourceTree = "<group>";
		};
/* End PBXVariantGroup section */

/* Begin XCBuildConfiguration section */
		A4C47722225EAF54000FFC6A /* Debug */ = {
			isa = XCBuildConfiguration;
			buildSettings = {
				ALWAYS_SEARCH_USER_PATHS = NO;
				CLANG_ANALYZER_NONNULL = YES;
				CLANG_ANALYZER_NUMBER_OBJECT_CONVERSION = YES_AGGRESSIVE;
				CLANG_CXX_LANGUAGE_STANDARD = "gnu++14";
				CLANG_CXX_LIBRARY = "libc++";
				CLANG_ENABLE_MODULES = YES;
				CLANG_ENABLE_OBJC_ARC = YES;
				CLANG_ENABLE_OBJC_WEAK = YES;
				CLANG_WARN_BLOCK_CAPTURE_AUTORELEASING = YES;
				CLANG_WARN_BOOL_CONVERSION = YES;
				CLANG_WARN_COMMA = YES;
				CLANG_WARN_CONSTANT_CONVERSION = YES;
				CLANG_WARN_DEPRECATED_OBJC_IMPLEMENTATIONS = YES;
				CLANG_WARN_DIRECT_OBJC_ISA_USAGE = YES_ERROR;
				CLANG_WARN_DOCUMENTATION_COMMENTS = YES;
				CLANG_WARN_EMPTY_BODY = YES;
				CLANG_WARN_ENUM_CONVERSION = YES;
				CLANG_WARN_INFINITE_RECURSION = YES;
				CLANG_WARN_INT_CONVERSION = YES;
				CLANG_WARN_NON_LITERAL_NULL_CONVERSION = YES;
				CLANG_WARN_OBJC_IMPLICIT_RETAIN_SELF = YES;
				CLANG_WARN_OBJC_LITERAL_CONVERSION = YES;
				CLANG_WARN_OBJC_ROOT_CLASS = YES_ERROR;
				CLANG_WARN_RANGE_LOOP_ANALYSIS = YES;
				CLANG_WARN_STRICT_PROTOTYPES = YES;
				CLANG_WARN_SUSPICIOUS_MOVE = YES;
				CLANG_WARN_UNGUARDED_AVAILABILITY = YES_AGGRESSIVE;
				CLANG_WARN_UNREACHABLE_CODE = YES;
				CLANG_WARN__DUPLICATE_METHOD_MATCH = YES;
				CODE_SIGN_IDENTITY = "iPhone Developer";
				COPY_PHASE_STRIP = NO;
				DEBUG_INFORMATION_FORMAT = dwarf;
				ENABLE_STRICT_OBJC_MSGSEND = YES;
				ENABLE_TESTABILITY = YES;
				GCC_C_LANGUAGE_STANDARD = gnu11;
				GCC_DYNAMIC_NO_PIC = NO;
				GCC_NO_COMMON_BLOCKS = YES;
				GCC_OPTIMIZATION_LEVEL = 0;
				GCC_PREPROCESSOR_DEFINITIONS = (
					"DEBUG=1",
					"$(inherited)",
				);
				GCC_WARN_64_TO_32_BIT_CONVERSION = YES;
				GCC_WARN_ABOUT_RETURN_TYPE = YES_ERROR;
				GCC_WARN_UNDECLARED_SELECTOR = YES;
				GCC_WARN_UNINITIALIZED_AUTOS = YES_AGGRESSIVE;
				GCC_WARN_UNUSED_FUNCTION = YES;
				GCC_WARN_UNUSED_VARIABLE = YES;
				IPHONEOS_DEPLOYMENT_TARGET = 12.1;
				MTL_ENABLE_DEBUG_INFO = INCLUDE_SOURCE;
				MTL_FAST_MATH = YES;
				ONLY_ACTIVE_ARCH = YES;
				SDKROOT = iphoneos;
				SWIFT_ACTIVE_COMPILATION_CONDITIONS = DEBUG;
				SWIFT_OPTIMIZATION_LEVEL = "-Onone";
			};
			name = Debug;
		};
		A4C47723225EAF54000FFC6A /* Release */ = {
			isa = XCBuildConfiguration;
			buildSettings = {
				ALWAYS_SEARCH_USER_PATHS = NO;
				CLANG_ANALYZER_NONNULL = YES;
				CLANG_ANALYZER_NUMBER_OBJECT_CONVERSION = YES_AGGRESSIVE;
				CLANG_CXX_LANGUAGE_STANDARD = "gnu++14";
				CLANG_CXX_LIBRARY = "libc++";
				CLANG_ENABLE_MODULES = YES;
				CLANG_ENABLE_OBJC_ARC = YES;
				CLANG_ENABLE_OBJC_WEAK = YES;
				CLANG_WARN_BLOCK_CAPTURE_AUTORELEASING = YES;
				CLANG_WARN_BOOL_CONVERSION = YES;
				CLANG_WARN_COMMA = YES;
				CLANG_WARN_CONSTANT_CONVERSION = YES;
				CLANG_WARN_DEPRECATED_OBJC_IMPLEMENTATIONS = YES;
				CLANG_WARN_DIRECT_OBJC_ISA_USAGE = YES_ERROR;
				CLANG_WARN_DOCUMENTATION_COMMENTS = YES;
				CLANG_WARN_EMPTY_BODY = YES;
				CLANG_WARN_ENUM_CONVERSION = YES;
				CLANG_WARN_INFINITE_RECURSION = YES;
				CLANG_WARN_INT_CONVERSION = YES;
				CLANG_WARN_NON_LITERAL_NULL_CONVERSION = YES;
				CLANG_WARN_OBJC_IMPLICIT_RETAIN_SELF = YES;
				CLANG_WARN_OBJC_LITERAL_CONVERSION = YES;
				CLANG_WARN_OBJC_ROOT_CLASS = YES_ERROR;
				CLANG_WARN_RANGE_LOOP_ANALYSIS = YES;
				CLANG_WARN_STRICT_PROTOTYPES = YES;
				CLANG_WARN_SUSPICIOUS_MOVE = YES;
				CLANG_WARN_UNGUARDED_AVAILABILITY = YES_AGGRESSIVE;
				CLANG_WARN_UNREACHABLE_CODE = YES;
				CLANG_WARN__DUPLICATE_METHOD_MATCH = YES;
				CODE_SIGN_IDENTITY = "iPhone Developer";
				COPY_PHASE_STRIP = NO;
				DEBUG_INFORMATION_FORMAT = "dwarf-with-dsym";
				ENABLE_NS_ASSERTIONS = NO;
				ENABLE_STRICT_OBJC_MSGSEND = YES;
				GCC_C_LANGUAGE_STANDARD = gnu11;
				GCC_NO_COMMON_BLOCKS = YES;
				GCC_WARN_64_TO_32_BIT_CONVERSION = YES;
				GCC_WARN_ABOUT_RETURN_TYPE = YES_ERROR;
				GCC_WARN_UNDECLARED_SELECTOR = YES;
				GCC_WARN_UNINITIALIZED_AUTOS = YES_AGGRESSIVE;
				GCC_WARN_UNUSED_FUNCTION = YES;
				GCC_WARN_UNUSED_VARIABLE = YES;
				IPHONEOS_DEPLOYMENT_TARGET = 12.1;
				MTL_ENABLE_DEBUG_INFO = NO;
				MTL_FAST_MATH = YES;
				SDKROOT = iphoneos;
				SWIFT_COMPILATION_MODE = wholemodule;
				SWIFT_OPTIMIZATION_LEVEL = "-O";
				VALIDATE_PRODUCT = YES;
			};
			name = Release;
		};
		A4C47725225EAF54000FFC6A /* Debug */ = {
			isa = XCBuildConfiguration;
			baseConfigurationReference = 4E7A6576BA33046E2E8A440B /* Pods-KeyChainProject.debug.xcconfig */;
			buildSettings = {
				ASSETCATALOG_COMPILER_APPICON_NAME = AppIcon;
				CODE_SIGN_STYLE = Automatic;
				DEVELOPMENT_TEAM = V63UZ8ZMFC;
				INFOPLIST_FILE = KeyChainProject/Info.plist;
				LD_RUNPATH_SEARCH_PATHS = (
					"$(inherited)",
					"@executable_path/Frameworks",
				);
				PRODUCT_BUNDLE_IDENTIFIER = rinniswift.KeyChainProject;
				PRODUCT_NAME = "$(TARGET_NAME)";
				SWIFT_VERSION = 4.2;
				TARGETED_DEVICE_FAMILY = "1,2";
			};
			name = Debug;
		};
		A4C47726225EAF54000FFC6A /* Release */ = {
			isa = XCBuildConfiguration;
			baseConfigurationReference = D08A4ED2381B6C3D58126A6F /* Pods-KeyChainProject.release.xcconfig */;
			buildSettings = {
				ASSETCATALOG_COMPILER_APPICON_NAME = AppIcon;
				CODE_SIGN_STYLE = Automatic;
				DEVELOPMENT_TEAM = V63UZ8ZMFC;
				INFOPLIST_FILE = KeyChainProject/Info.plist;
				LD_RUNPATH_SEARCH_PATHS = (
					"$(inherited)",
					"@executable_path/Frameworks",
				);
				PRODUCT_BUNDLE_IDENTIFIER = rinniswift.KeyChainProject;
				PRODUCT_NAME = "$(TARGET_NAME)";
				SWIFT_VERSION = 4.2;
				TARGETED_DEVICE_FAMILY = "1,2";
			};
			name = Release;
		};
/* End XCBuildConfiguration section */

/* Begin XCConfigurationList section */
		A4C4770D225EAF54000FFC6A /* Build configuration list for PBXProject "KeyChainProject" */ = {
			isa = XCConfigurationList;
			buildConfigurations = (
				A4C47722225EAF54000FFC6A /* Debug */,
				A4C47723225EAF54000FFC6A /* Release */,
			);
			defaultConfigurationIsVisible = 0;
			defaultConfigurationName = Release;
		};
		A4C47724225EAF54000FFC6A /* Build configuration list for PBXNativeTarget "KeyChainProject" */ = {
			isa = XCConfigurationList;
			buildConfigurations = (
				A4C47725225EAF54000FFC6A /* Debug */,
				A4C47726225EAF54000FFC6A /* Release */,
			);
			defaultConfigurationIsVisible = 0;
			defaultConfigurationName = Release;
		};
/* End XCConfigurationList section */
	};
	rootObject = A4C4770A225EAF54000FFC6A /* Project object */;
}
